
Microsoft Visual Studio Solution File, Format Version 12.00
# Visual Studio Version 16
VisualStudioVersion = 16.0.31005.135
MinimumVisualStudioVersion = 10.0.40219.1
Project("{FAE04EC0-301F-11D3-BF4B-00C04F79EFBC}") = "Relaper.Common.UI", "Relaper.Common.UI\Relaper.Common.UI.csproj", "{F2F87054-4569-4FF7-A1CD-546C8A7B5152}"
EndProject
Global
	GlobalSection(SolutionConfigurationPlatforms) = preSolution
		Debug|Any CPU = Debug|Any CPU
		Release|Any CPU = Release|Any CPU
	EndGlobalSection
	GlobalSection(ProjectConfigurationPlatforms) = postSolution
		{F2F87054-4569-4FF7-A1CD-546C8A7B5152}.Debug|Any CPU.ActiveCfg = Debug|Any CPU
		{F2F87054-4569-4FF7-A1CD-546C8A7B5152}.Debug|Any CPU.Build.0 = Debug|Any CPU
		{F2F87054-4569-4FF7-A1CD-546C8A7B5152}.Release|Any CPU.ActiveCfg = Release|Any CPU
		{F2F87054-4569-4FF7-A1CD-546C8A7B5152}.Release|Any CPU.Build.0 = Release|Any CPU
	EndGlobalSection
	GlobalSection(SolutionProperties) = preSolution
		HideSolutionNode = FALSE
	EndGlobalSection
	GlobalSection(ExtensibilityGlobals) = postSolution
		SolutionGuid = {E34D32F5-B422-40B7-8216-B586E21EAA20}
	EndGlobalSection
EndGlobal
